
Microsoft Visual Studio Solution File, Format Version 12.00
# Visual Studio 15
VisualStudioVersion = 15.0.28010.2026
MinimumVisualStudioVersion = 10.0.40219.1
Project("{9A19103F-16F7-4668-BE54-9A1E7A4F7556}") = "LionControlsCore", "LionControlsCore\LionControlsCore.csproj", "{4663E95F-97FB-431A-89B6-640D6EDE41BE}"
EndProject
Project("{FAE04EC0-301F-11D3-BF4B-00C04F79EFBC}") = "LionControlCalendarDisplay", "LionControlCalendarDisplay\LionControlCalendarDisplay.csproj", "{BE67DABC-8A95-4FD0-B325-62950574379C}"
EndProject
Project("{FAE04EC0-301F-11D3-BF4B-00C04F79EFBC}") = "LionControlsSlider", "LionControlSlider\LionControlsSlider.csproj", "{C71649C8-ACD9-4D9B-B84A-759ADE807466}"
EndProject
Project("{FAE04EC0-301F-11D3-BF4B-00C04F79EFBC}") = "LionUtils", "LionUtils\LionUtils.csproj", "{CDD34F5B-E8A1-4CB4-9D79-F151856A311E}"
EndProject
Global
	GlobalSection(SolutionConfigurationPlatforms) = preSolution
		Debug|Any CPU = Debug|Any CPU
		Release|Any CPU = Release|Any CPU
	EndGlobalSection
	GlobalSection(ProjectConfigurationPlatforms) = postSolution
		{4663E95F-97FB-431A-89B6-640D6EDE41BE}.Debug|Any CPU.ActiveCfg = Debug|Any CPU
		{4663E95F-97FB-431A-89B6-640D6EDE41BE}.Debug|Any CPU.Build.0 = Debug|Any CPU
		{4663E95F-97FB-431A-89B6-640D6EDE41BE}.Release|Any CPU.ActiveCfg = Release|Any CPU
		{4663E95F-97FB-431A-89B6-640D6EDE41BE}.Release|Any CPU.Build.0 = Release|Any CPU
		{BE67DABC-8A95-4FD0-B325-62950574379C}.Debug|Any CPU.ActiveCfg = Debug|Any CPU
		{BE67DABC-8A95-4FD0-B325-62950574379C}.Debug|Any CPU.Build.0 = Debug|Any CPU
		{BE67DABC-8A95-4FD0-B325-62950574379C}.Release|Any CPU.ActiveCfg = Release|Any CPU
		{BE67DABC-8A95-4FD0-B325-62950574379C}.Release|Any CPU.Build.0 = Release|Any CPU
		{C71649C8-ACD9-4D9B-B84A-759ADE807466}.Debug|Any CPU.ActiveCfg = Debug|Any CPU
		{C71649C8-ACD9-4D9B-B84A-759ADE807466}.Debug|Any CPU.Build.0 = Debug|Any CPU
		{C71649C8-ACD9-4D9B-B84A-759ADE807466}.Release|Any CPU.ActiveCfg = Release|Any CPU
		{C71649C8-ACD9-4D9B-B84A-759ADE807466}.Release|Any CPU.Build.0 = Release|Any CPU
		{CDD34F5B-E8A1-4CB4-9D79-F151856A311E}.Debug|Any CPU.ActiveCfg = Debug|Any CPU
		{CDD34F5B-E8A1-4CB4-9D79-F151856A311E}.Debug|Any CPU.Build.0 = Debug|Any CPU
		{CDD34F5B-E8A1-4CB4-9D79-F151856A311E}.Release|Any CPU.ActiveCfg = Release|Any CPU
		{CDD34F5B-E8A1-4CB4-9D79-F151856A311E}.Release|Any CPU.Build.0 = Release|Any CPU
	EndGlobalSection
	GlobalSection(SolutionProperties) = preSolution
		HideSolutionNode = FALSE
	EndGlobalSection
	GlobalSection(ExtensibilityGlobals) = postSolution
		SolutionGuid = {DF2623C9-6FA8-4E1A-882D-469CE16DC12F}
	EndGlobalSection
EndGlobal
